
Microsoft Visual Studio Solution File, Format Version 12.00
# Visual Studio Version 17
VisualStudioVersion = 17.9.34728.123
MinimumVisualStudioVersion = 10.0.40219.1
Project("{FAE04EC0-301F-11D3-BF4B-00C04F79EFBC}") = "20.2.25", "20.2.25\20.2.25.csproj", "{D5104DE7-D8BE-49CF-877A-4C07CDC33BE3}"
EndProject
Global
	GlobalSection(SolutionConfigurationPlatforms) = preSolution
		Debug|Any CPU = Debug|Any CPU
		Release|Any CPU = Release|Any CPU
	EndGlobalSection
	GlobalSection(ProjectConfigurationPlatforms) = postSolution
		{D5104DE7-D8BE-49CF-877A-4C07CDC33BE3}.Debug|Any CPU.ActiveCfg = Debug|Any CPU
		{D5104DE7-D8BE-49CF-877A-4C07CDC33BE3}.Debug|Any CPU.Build.0 = Debug|Any CPU
		{D5104DE7-D8BE-49CF-877A-4C07CDC33BE3}.Release|Any CPU.ActiveCfg = Release|Any CPU
		{D5104DE7-D8BE-49CF-877A-4C07CDC33BE3}.Release|Any CPU.Build.0 = Release|Any CPU
	EndGlobalSection
	GlobalSection(SolutionProperties) = preSolution
		HideSolutionNode = FALSE
	EndGlobalSection
	GlobalSection(ExtensibilityGlobals) = postSolution
		SolutionGuid = {7ECA313C-7F09-4A5F-B0B9-B9E2E8D02978}
	EndGlobalSection
EndGlobal
